
Microsoft Visual Studio Solution File, Format Version 12.00
# Visual Studio Version 16
VisualStudioVersion = 25.0.1706.13
MinimumVisualStudioVersion = 10.0.40219.1
Project("{FAE04EC0-301F-11D3-BF4B-00C04F79EFBC}") = "MVC_BudgetApplication_Final", "MVC_BudgetApplication_Final\MVC_BudgetApplication_Final.csproj", "{3F255957-D321-44FC-8B9C-5CB1472E9C20}"
EndProject
Global
	GlobalSection(SolutionConfigurationPlatforms) = preSolution
		Debug|Any CPU = Debug|Any CPU
		Release|Any CPU = Release|Any CPU
	EndGlobalSection
	GlobalSection(ProjectConfigurationPlatforms) = postSolution
		{3F255957-D321-44FC-8B9C-5CB1472E9C20}.Debug|Any CPU.ActiveCfg = Debug|Any CPU
		{3F255957-D321-44FC-8B9C-5CB1472E9C20}.Debug|Any CPU.Build.0 = Debug|Any CPU
		{3F255957-D321-44FC-8B9C-5CB1472E9C20}.Release|Any CPU.ActiveCfg = Release|Any CPU
		{3F255957-D321-44FC-8B9C-5CB1472E9C20}.Release|Any CPU.Build.0 = Release|Any CPU
	EndGlobalSection
	GlobalSection(SolutionProperties) = preSolution
		HideSolutionNode = FALSE
	EndGlobalSection
	GlobalSection(ExtensibilityGlobals) = postSolution
		SolutionGuid = {EE20A515-0D7A-4A49-B896-489203FE12E9}
	EndGlobalSection
EndGlobal
